{
  "name": "binarysearchpackage",
  "version": "1.0.0",
  "lockfileVersion": 3,
  "requires": true,
  "packages": {
    "": {
      "name": "binarysearchpackage",
      "version": "1.0.0",
      "license": "ISC",
      "dependencies": {
        "binarysearchpackage_atulranjan": "^1.0.0"
      }
    },
    "node_modules/binarysearchpackage_atulranjan": {
      "version": "1.0.0",
      "resolved": "https://registry.npmjs.org/binarysearchpackage_atulranjan/-/binarysearchpackage_atulranjan-1.0.0.tgz",
      "integrity": "sha512-iBQP2NLJd9X+zMhbgS5NCkOxstV7302jDVjugExjrl+P2hwIaPrpPr7C0Z5LAh8/qMz5xXEWn+w5MfRAzDNdKQ=="
    }
  }
}
