{
  "name": "packageuse",
  "version": "1.0.0",
  "lockfileVersion": 3,
  "requires": true,
  "packages": {
    "": {
      "name": "packageuse",
      "version": "1.0.0",
      "license": "ISC",
      "dependencies": {
        "binarysearch-package-atulranjan": "^1.0.0"
      }
    },
    "node_modules/binarysearch-package-atulranjan": {
      "version": "1.0.0",
      "resolved": "https://registry.npmjs.org/binarysearch-package-atulranjan/-/binarysearch-package-atulranjan-1.0.0.tgz",
      "integrity": "sha512-XjeaEDRMQCN17I224vy6s+Riao9iuDGnE7AKd/JuC5i9SHgwNYXsF5WgzOrWAkTPDZPaDGGaN16eGUAOfDJqgA=="
    }
  }
}
